// !$*UTF8*$!
{
	archiveVersion = 1;
	classes = {
	};
	objectVersion = 56;
	objects = {

/* Begin PBXBuildFile section */
		65AA68922BCA5FAC00C4A219 /* UsersListApp.swift in Sources */ = {isa = PBXBuildFile; fileRef = 65AA68912BCA5FAC00C4A219 /* UsersListApp.swift */; };
		65AA68942BCA5FAC00C4A219 /* ContentView.swift in Sources */ = {isa = PBXBuildFile; fileRef = 65AA68932BCA5FAC00C4A219 /* ContentView.swift */; };
		65AA68962BCA5FAE00C4A219 /* Assets.xcassets in Resources */ = {isa = PBXBuildFile; fileRef = 65AA68952BCA5FAE00C4A219 /* Assets.xcassets */; };
		65AA68992BCA5FAE00C4A219 /* Preview Assets.xcassets in Resources */ = {isa = PBXBuildFile; fileRef = 65AA68982BCA5FAE00C4A219 /* Preview Assets.xcassets */; };
		65AA68A32BCA5FAE00C4A219 /* UsersListTests.swift in Sources */ = {isa = PBXBuildFile; fileRef = 65AA68A22BCA5FAE00C4A219 /* UsersListTests.swift */; };
		65AA68AD2BCA5FAE00C4A219 /* UsersListUITests.swift in Sources */ = {isa = PBXBuildFile; fileRef = 65AA68AC2BCA5FAE00C4A219 /* UsersListUITests.swift */; };
		65AA68AF2BCA5FAE00C4A219 /* UsersListUITestsLaunchTests.swift in Sources */ = {isa = PBXBuildFile; fileRef = 65AA68AE2BCA5FAE00C4A219 /* UsersListUITestsLaunchTests.swift */; };
		65AA68C22BCA628200C4A219 /* UsersResponse.swift in Sources */ = {isa = PBXBuildFile; fileRef = 65AA68C12BCA628200C4A219 /* UsersResponse.swift */; };
		65AA68C42BCA62F700C4A219 /* Endpoints.swift in Sources */ = {isa = PBXBuildFile; fileRef = 65AA68C32BCA62F700C4A219 /* Endpoints.swift */; };
		65AA68C62BCA63BD00C4A219 /* Constant+GlobalFunctions.swift in Sources */ = {isa = PBXBuildFile; fileRef = 65AA68C52BCA63BD00C4A219 /* Constant+GlobalFunctions.swift */; };
		65AA68C92BCD0EE200C4A219 /* NetworkSpm in Frameworks */ = {isa = PBXBuildFile; productRef = 65AA68C82BCD0EE200C4A219 /* NetworkSpm */; };
		65AA68CB2BCD0FBB00C4A219 /* UsersRepository.swift in Sources */ = {isa = PBXBuildFile; fileRef = 65AA68CA2BCD0FBB00C4A219 /* UsersRepository.swift */; };
		65AA68CF2BCD11F000C4A219 /* UsersServer.swift in Sources */ = {isa = PBXBuildFile; fileRef = 65AA68CE2BCD11F000C4A219 /* UsersServer.swift */; };
		65AA68D12BCD11F800C4A219 /* UsersLocal.swift in Sources */ = {isa = PBXBuildFile; fileRef = 65AA68D02BCD11F800C4A219 /* UsersLocal.swift */; };
		65AA68D32BCD2C9500C4A219 /* UserDefaultManager.swift in Sources */ = {isa = PBXBuildFile; fileRef = 65AA68D22BCD2C9500C4A219 /* UserDefaultManager.swift */; };
		65AA68D62BCD2DC400C4A219 /* UsersViewModel.swift in Sources */ = {isa = PBXBuildFile; fileRef = 65AA68D52BCD2DC400C4A219 /* UsersViewModel.swift */; };
		65AA68D82BCD323500C4A219 /* UsersView.swift in Sources */ = {isa = PBXBuildFile; fileRef = 65AA68D72BCD323400C4A219 /* UsersView.swift */; };
		65AA68DA2BCD3F4400C4A219 /* Text.swift in Sources */ = {isa = PBXBuildFile; fileRef = 65AA68D92BCD3F4400C4A219 /* Text.swift */; };
		65AA68DD2BCD47A400C4A219 /* TabUnderlineView.swift in Sources */ = {isa = PBXBuildFile; fileRef = 65AA68DC2BCD47A400C4A219 /* TabUnderlineView.swift */; };
		65AA68E02BCD756200C4A219 /* UserDetailView.swift in Sources */ = {isa = PBXBuildFile; fileRef = 65AA68DF2BCD756200C4A219 /* UserDetailView.swift */; };
		65AA68E22BCD7A3800C4A219 /* ViewState.swift in Sources */ = {isa = PBXBuildFile; fileRef = 65AA68E12BCD7A3800C4A219 /* ViewState.swift */; };
		65AA68E52BCD9E6300C4A219 /* View.swift in Sources */ = {isa = PBXBuildFile; fileRef = 65AA68E42BCD9E6300C4A219 /* View.swift */; };
/* End PBXBuildFile section */

/* Begin PBXContainerItemProxy section */
		65AA689F2BCA5FAE00C4A219 /* PBXContainerItemProxy */ = {
			isa = PBXContainerItemProxy;
			containerPortal = 65AA68862BCA5FAC00C4A219 /* Project object */;
			proxyType = 1;
			remoteGlobalIDString = 65AA688D2BCA5FAC00C4A219;
			remoteInfo = UsersList;
		};
		65AA68A92BCA5FAE00C4A219 /* PBXContainerItemProxy */ = {
			isa = PBXContainerItemProxy;
			containerPortal = 65AA68862BCA5FAC00C4A219 /* Project object */;
			proxyType = 1;
			remoteGlobalIDString = 65AA688D2BCA5FAC00C4A219;
			remoteInfo = UsersList;
		};
/* End PBXContainerItemProxy section */

/* Begin PBXFileReference section */
		65AA688E2BCA5FAC00C4A219 /* UsersList.app */ = {isa = PBXFileReference; explicitFileType = wrapper.application; includeInIndex = 0; path = UsersList.app; sourceTree = BUILT_PRODUCTS_DIR; };
		65AA68912BCA5FAC00C4A219 /* UsersListApp.swift */ = {isa = PBXFileReference; lastKnownFileType = sourcecode.swift; path = UsersListApp.swift; sourceTree = "<group>"; };
		65AA68932BCA5FAC00C4A219 /* ContentView.swift */ = {isa = PBXFileReference; lastKnownFileType = sourcecode.swift; path = ContentView.swift; sourceTree = "<group>"; };
		65AA68952BCA5FAE00C4A219 /* Assets.xcassets */ = {isa = PBXFileReference; lastKnownFileType = folder.assetcatalog; path = Assets.xcassets; sourceTree = "<group>"; };
		65AA68982BCA5FAE00C4A219 /* Preview Assets.xcassets */ = {isa = PBXFileReference; lastKnownFileType = folder.assetcatalog; path = "Preview Assets.xcassets"; sourceTree = "<group>"; };
		65AA689E2BCA5FAE00C4A219 /* UsersListTests.xctest */ = {isa = PBXFileReference; explicitFileType = wrapper.cfbundle; includeInIndex = 0; path = UsersListTests.xctest; sourceTree = BUILT_PRODUCTS_DIR; };
		65AA68A22BCA5FAE00C4A219 /* UsersListTests.swift */ = {isa = PBXFileReference; lastKnownFileType = sourcecode.swift; path = UsersListTests.swift; sourceTree = "<group>"; };
		65AA68A82BCA5FAE00C4A219 /* UsersListUITests.xctest */ = {isa = PBXFileReference; explicitFileType = wrapper.cfbundle; includeInIndex = 0; path = UsersListUITests.xctest; sourceTree = BUILT_PRODUCTS_DIR; };
		65AA68AC2BCA5FAE00C4A219 /* UsersListUITests.swift */ = {isa = PBXFileReference; lastKnownFileType = sourcecode.swift; path = UsersListUITests.swift; sourceTree = "<group>"; };
		65AA68AE2BCA5FAE00C4A219 /* UsersListUITestsLaunchTests.swift */ = {isa = PBXFileReference; lastKnownFileType = sourcecode.swift; path = UsersListUITestsLaunchTests.swift; sourceTree = "<group>"; };
		65AA68C12BCA628200C4A219 /* UsersResponse.swift */ = {isa = PBXFileReference; lastKnownFileType = sourcecode.swift; path = UsersResponse.swift; sourceTree = "<group>"; };
		65AA68C32BCA62F700C4A219 /* Endpoints.swift */ = {isa = PBXFileReference; lastKnownFileType = sourcecode.swift; path = Endpoints.swift; sourceTree = "<group>"; };
		65AA68C52BCA63BD00C4A219 /* Constant+GlobalFunctions.swift */ = {isa = PBXFileReference; lastKnownFileType = sourcecode.swift; path = "Constant+GlobalFunctions.swift"; sourceTree = "<group>"; };
		65AA68CA2BCD0FBB00C4A219 /* UsersRepository.swift */ = {isa = PBXFileReference; lastKnownFileType = sourcecode.swift; path = UsersRepository.swift; sourceTree = "<group>"; };
		65AA68CE2BCD11F000C4A219 /* UsersServer.swift */ = {isa = PBXFileReference; lastKnownFileType = sourcecode.swift; path = UsersServer.swift; sourceTree = "<group>"; };
		65AA68D02BCD11F800C4A219 /* UsersLocal.swift */ = {isa = PBXFileReference; lastKnownFileType = sourcecode.swift; path = UsersLocal.swift; sourceTree = "<group>"; };
		65AA68D22BCD2C9500C4A219 /* UserDefaultManager.swift */ = {isa = PBXFileReference; lastKnownFileType = sourcecode.swift; path = UserDefaultManager.swift; sourceTree = "<group>"; };
		65AA68D52BCD2DC400C4A219 /* UsersViewModel.swift */ = {isa = PBXFileReference; lastKnownFileType = sourcecode.swift; path = UsersViewModel.swift; sourceTree = "<group>"; };
		65AA68D72BCD323400C4A219 /* UsersView.swift */ = {isa = PBXFileReference; lastKnownFileType = sourcecode.swift; path = UsersView.swift; sourceTree = "<group>"; };
		65AA68D92BCD3F4400C4A219 /* Text.swift */ = {isa = PBXFileReference; lastKnownFileType = sourcecode.swift; path = Text.swift; sourceTree = "<group>"; };
		65AA68DC2BCD47A400C4A219 /* TabUnderlineView.swift */ = {isa = PBXFileReference; fileEncoding = 4; lastKnownFileType = sourcecode.swift; path = TabUnderlineView.swift; sourceTree = "<group>"; };
		65AA68DF2BCD756200C4A219 /* UserDetailView.swift */ = {isa = PBXFileReference; lastKnownFileType = sourcecode.swift; path = UserDetailView.swift; sourceTree = "<group>"; };
		65AA68E12BCD7A3800C4A219 /* ViewState.swift */ = {isa = PBXFileReference; lastKnownFileType = sourcecode.swift; path = ViewState.swift; sourceTree = "<group>"; };
		65AA68E42BCD9E6300C4A219 /* View.swift */ = {isa = PBXFileReference; lastKnownFileType = sourcecode.swift; path = View.swift; sourceTree = "<group>"; };
/* End PBXFileReference section */

/* Begin PBXFrameworksBuildPhase section */
		65AA688B2BCA5FAC00C4A219 /* Frameworks */ = {
			isa = PBXFrameworksBuildPhase;
			buildActionMask = 2147483647;
			files = (
				65AA68C92BCD0EE200C4A219 /* NetworkSpm in Frameworks */,
			);
			runOnlyForDeploymentPostprocessing = 0;
		};
		65AA689B2BCA5FAE00C4A219 /* Frameworks */ = {
			isa = PBXFrameworksBuildPhase;
			buildActionMask = 2147483647;
			files = (
			);
			runOnlyForDeploymentPostprocessing = 0;
		};
		65AA68A52BCA5FAE00C4A219 /* Frameworks */ = {
			isa = PBXFrameworksBuildPhase;
			buildActionMask = 2147483647;
			files = (
			);
			runOnlyForDeploymentPostprocessing = 0;
		};
/* End PBXFrameworksBuildPhase section */

/* Begin PBXGroup section */
		65AA68852BCA5FAC00C4A219 = {
			isa = PBXGroup;
			children = (
				65AA68902BCA5FAC00C4A219 /* UsersList */,
				65AA68A12BCA5FAE00C4A219 /* UsersListTests */,
				65AA68AB2BCA5FAE00C4A219 /* UsersListUITests */,
				65AA688F2BCA5FAC00C4A219 /* Products */,
			);
			sourceTree = "<group>";
		};
		65AA688F2BCA5FAC00C4A219 /* Products */ = {
			isa = PBXGroup;
			children = (
				65AA688E2BCA5FAC00C4A219 /* UsersList.app */,
				65AA689E2BCA5FAE00C4A219 /* UsersListTests.xctest */,
				65AA68A82BCA5FAE00C4A219 /* UsersListUITests.xctest */,
			);
			name = Products;
			sourceTree = "<group>";
		};
		65AA68902BCA5FAC00C4A219 /* UsersList */ = {
			isa = PBXGroup;
			children = (
				65AA68BB2BCA5FC000C4A219 /* Data */,
				65AA68BE2BCA60CD00C4A219 /* Views */,
				65AA68BC2BCA60AE00C4A219 /* Shared */,
				65AA68912BCA5FAC00C4A219 /* UsersListApp.swift */,
				65AA68932BCA5FAC00C4A219 /* ContentView.swift */,
				65AA68952BCA5FAE00C4A219 /* Assets.xcassets */,
				65AA68972BCA5FAE00C4A219 /* Preview Content */,
			);
			path = UsersList;
			sourceTree = "<group>";
		};
		65AA68972BCA5FAE00C4A219 /* Preview Content */ = {
			isa = PBXGroup;
			children = (
				65AA68982BCA5FAE00C4A219 /* Preview Assets.xcassets */,
			);
			path = "Preview Content";
			sourceTree = "<group>";
		};
		65AA68A12BCA5FAE00C4A219 /* UsersListTests */ = {
			isa = PBXGroup;
			children = (
				65AA68A22BCA5FAE00C4A219 /* UsersListTests.swift */,
			);
			path = UsersListTests;
			sourceTree = "<group>";
		};
		65AA68AB2BCA5FAE00C4A219 /* UsersListUITests */ = {
			isa = PBXGroup;
			children = (
				65AA68AC2BCA5FAE00C4A219 /* UsersListUITests.swift */,
				65AA68AE2BCA5FAE00C4A219 /* UsersListUITestsLaunchTests.swift */,
			);
			path = UsersListUITests;
			sourceTree = "<group>";
		};
		65AA68BB2BCA5FC000C4A219 /* Data */ = {
			isa = PBXGroup;
			children = (
				65AA68C02BCA613000C4A219 /* Repository */,
				65AA68BF2BCA612400C4A219 /* Models */,
			);
			path = Data;
			sourceTree = "<group>";
		};
		65AA68BC2BCA60AE00C4A219 /* Shared */ = {
			isa = PBXGroup;
			children = (
				65AA68E32BCD7E3B00C4A219 /* Models */,
				65AA68BD2BCA60BA00C4A219 /* Utils */,
				65AA68C32BCA62F700C4A219 /* Endpoints.swift */,
				65AA68D22BCD2C9500C4A219 /* UserDefaultManager.swift */,
			);
			path = Shared;
			sourceTree = "<group>";
		};
		65AA68BD2BCA60BA00C4A219 /* Utils */ = {
			isa = PBXGroup;
			children = (
				65AA68C52BCA63BD00C4A219 /* Constant+GlobalFunctions.swift */,
				65AA68D92BCD3F4400C4A219 /* Text.swift */,
				65AA68E42BCD9E6300C4A219 /* View.swift */,
			);
			path = Utils;
			sourceTree = "<group>";
		};
		65AA68BE2BCA60CD00C4A219 /* Views */ = {
			isa = PBXGroup;
			children = (
				65AA68D42BCD2DAF00C4A219 /* UsersList */,
				65AA68DE2BCD754100C4A219 /* UserDetail */,
				65AA68DB2BCD479100C4A219 /* Components */,
			);
			path = Views;
			sourceTree = "<group>";
		};
		65AA68BF2BCA612400C4A219 /* Models */ = {
			isa = PBXGroup;
			children = (
				65AA68C12BCA628200C4A219 /* UsersResponse.swift */,
			);
			path = Models;
			sourceTree = "<group>";
		};
		65AA68C02BCA613000C4A219 /* Repository */ = {
			isa = PBXGroup;
			children = (
				65AA68CD2BCD11D800C4A219 /* Local */,
				65AA68CC2BCD11D300C4A219 /* Server */,
				65AA68CA2BCD0FBB00C4A219 /* UsersRepository.swift */,
			);
			path = Repository;
			sourceTree = "<group>";
		};
		65AA68CC2BCD11D300C4A219 /* Server */ = {
			isa = PBXGroup;
			children = (
				65AA68CE2BCD11F000C4A219 /* UsersServer.swift */,
			);
			path = Server;
			sourceTree = "<group>";
		};
		65AA68CD2BCD11D800C4A219 /* Local */ = {
			isa = PBXGroup;
			children = (
				65AA68D02BCD11F800C4A219 /* UsersLocal.swift */,
			);
			path = Local;
			sourceTree = "<group>";
		};
		65AA68D42BCD2DAF00C4A219 /* UsersList */ = {
			isa = PBXGroup;
			children = (
				65AA68D52BCD2DC400C4A219 /* UsersViewModel.swift */,
				65AA68D72BCD323400C4A219 /* UsersView.swift */,
			);
			path = UsersList;
			sourceTree = "<group>";
		};
		65AA68DB2BCD479100C4A219 /* Components */ = {
			isa = PBXGroup;
			children = (
				65AA68DC2BCD47A400C4A219 /* TabUnderlineView.swift */,
			);
			path = Components;
			sourceTree = "<group>";
		};
		65AA68DE2BCD754100C4A219 /* UserDetail */ = {
			isa = PBXGroup;
			children = (
				65AA68DF2BCD756200C4A219 /* UserDetailView.swift */,
			);
			path = UserDetail;
			sourceTree = "<group>";
		};
		65AA68E32BCD7E3B00C4A219 /* Models */ = {
			isa = PBXGroup;
			children = (
				65AA68E12BCD7A3800C4A219 /* ViewState.swift */,
			);
			path = Models;
			sourceTree = "<group>";
		};
/* End PBXGroup section */

/* Begin PBXNativeTarget section */
		65AA688D2BCA5FAC00C4A219 /* UsersList */ = {
			isa = PBXNativeTarget;
			buildConfigurationList = 65AA68B22BCA5FAE00C4A219 /* Build configuration list for PBXNativeTarget "UsersList" */;
			buildPhases = (
				65AA688A2BCA5FAC00C4A219 /* Sources */,
				65AA688B2BCA5FAC00C4A219 /* Frameworks */,
				65AA688C2BCA5FAC00C4A219 /* Resources */,
			);
			buildRules = (
			);
			dependencies = (
			);
			name = UsersList;
			packageProductDependencies = (
				65AA68C82BCD0EE200C4A219 /* NetworkSpm */,
			);
			productName = UsersList;
			productReference = 65AA688E2BCA5FAC00C4A219 /* UsersList.app */;
			productType = "com.apple.product-type.application";
		};
		65AA689D2BCA5FAE00C4A219 /* UsersListTests */ = {
			isa = PBXNativeTarget;
			buildConfigurationList = 65AA68B52BCA5FAE00C4A219 /* Build configuration list for PBXNativeTarget "UsersListTests" */;
			buildPhases = (
				65AA689A2BCA5FAE00C4A219 /* Sources */,
				65AA689B2BCA5FAE00C4A219 /* Frameworks */,
				65AA689C2BCA5FAE00C4A219 /* Resources */,
			);
			buildRules = (
			);
			dependencies = (
				65AA68A02BCA5FAE00C4A219 /* PBXTargetDependency */,
			);
			name = UsersListTests;
			productName = UsersListTests;
			productReference = 65AA689E2BCA5FAE00C4A219 /* UsersListTests.xctest */;
			productType = "com.apple.product-type.bundle.unit-test";
		};
		65AA68A72BCA5FAE00C4A219 /* UsersListUITests */ = {
			isa = PBXNativeTarget;
			buildConfigurationList = 65AA68B82BCA5FAE00C4A219 /* Build configuration list for PBXNativeTarget "UsersListUITests" */;
			buildPhases = (
				65AA68A42BCA5FAE00C4A219 /* Sources */,
				65AA68A52BCA5FAE00C4A219 /* Frameworks */,
				65AA68A62BCA5FAE00C4A219 /* Resources */,
			);
			buildRules = (
			);
			dependencies = (
				65AA68AA2BCA5FAE00C4A219 /* PBXTargetDependency */,
			);
			name = UsersListUITests;
			productName = UsersListUITests;
			productReference = 65AA68A82BCA5FAE00C4A219 /* UsersListUITests.xctest */;
			productType = "com.apple.product-type.bundle.ui-testing";
		};
/* End PBXNativeTarget section */

/* Begin PBXProject section */
		65AA68862BCA5FAC00C4A219 /* Project object */ = {
			isa = PBXProject;
			attributes = {
				BuildIndependentTargetsInParallel = 1;
				LastSwiftUpdateCheck = 1530;
				LastUpgradeCheck = 1530;
				TargetAttributes = {
					65AA688D2BCA5FAC00C4A219 = {
						CreatedOnToolsVersion = 15.3;
					};
					65AA689D2BCA5FAE00C4A219 = {
						CreatedOnToolsVersion = 15.3;
						TestTargetID = 65AA688D2BCA5FAC00C4A219;
					};
					65AA68A72BCA5FAE00C4A219 = {
						CreatedOnToolsVersion = 15.3;
						TestTargetID = 65AA688D2BCA5FAC00C4A219;
					};
				};
			};
			buildConfigurationList = 65AA68892BCA5FAC00C4A219 /* Build configuration list for PBXProject "UsersList" */;
			compatibilityVersion = "Xcode 14.0";
			developmentRegion = en;
			hasScannedForEncodings = 0;
			knownRegions = (
				en,
				Base,
			);
			mainGroup = 65AA68852BCA5FAC00C4A219;
			packageReferences = (
				65AA68C72BCD0EE200C4A219 /* XCRemoteSwiftPackageReference "NetworkSpm" */,
			);
			productRefGroup = 65AA688F2BCA5FAC00C4A219 /* Products */;
			projectDirPath = "";
			projectRoot = "";
			targets = (
				65AA688D2BCA5FAC00C4A219 /* UsersList */,
				65AA689D2BCA5FAE00C4A219 /* UsersListTests */,
				65AA68A72BCA5FAE00C4A219 /* UsersListUITests */,
			);
		};
/* End PBXProject section */

/* Begin PBXResourcesBuildPhase section */
		65AA688C2BCA5FAC00C4A219 /* Resources */ = {
			isa = PBXResourcesBuildPhase;
			buildActionMask = 2147483647;
			files = (
				65AA68992BCA5FAE00C4A219 /* Preview Assets.xcassets in Resources */,
				65AA68962BCA5FAE00C4A219 /* Assets.xcassets in Resources */,
			);
			runOnlyForDeploymentPostprocessing = 0;
		};
		65AA689C2BCA5FAE00C4A219 /* Resources */ = {
			isa = PBXResourcesBuildPhase;
			buildActionMask = 2147483647;
			files = (
			);
			runOnlyForDeploymentPostprocessing = 0;
		};
		65AA68A62BCA5FAE00C4A219 /* Resources */ = {
			isa = PBXResourcesBuildPhase;
			buildActionMask = 2147483647;
			files = (
			);
			runOnlyForDeploymentPostprocessing = 0;
		};
/* End PBXResourcesBuildPhase section */

/* Begin PBXSourcesBuildPhase section */
		65AA688A2BCA5FAC00C4A219 /* Sources */ = {
			isa = PBXSourcesBuildPhase;
			buildActionMask = 2147483647;
			files = (
				65AA68E52BCD9E6300C4A219 /* View.swift in Sources */,
				65AA68D12BCD11F800C4A219 /* UsersLocal.swift in Sources */,
				65AA68942BCA5FAC00C4A219 /* ContentView.swift in Sources */,
				65AA68E22BCD7A3800C4A219 /* ViewState.swift in Sources */,
				65AA68CF2BCD11F000C4A219 /* UsersServer.swift in Sources */,
				65AA68D62BCD2DC400C4A219 /* UsersViewModel.swift in Sources */,
				65AA68E02BCD756200C4A219 /* UserDetailView.swift in Sources */,
				65AA68922BCA5FAC00C4A219 /* UsersListApp.swift in Sources */,
				65AA68C42BCA62F700C4A219 /* Endpoints.swift in Sources */,
				65AA68C22BCA628200C4A219 /* UsersResponse.swift in Sources */,
				65AA68D32BCD2C9500C4A219 /* UserDefaultManager.swift in Sources */,
				65AA68C62BCA63BD00C4A219 /* Constant+GlobalFunctions.swift in Sources */,
				65AA68D82BCD323500C4A219 /* UsersView.swift in Sources */,
				65AA68DA2BCD3F4400C4A219 /* Text.swift in Sources */,
				65AA68DD2BCD47A400C4A219 /* TabUnderlineView.swift in Sources */,
				65AA68CB2BCD0FBB00C4A219 /* UsersRepository.swift in Sources */,
			);
			runOnlyForDeploymentPostprocessing = 0;
		};
		65AA689A2BCA5FAE00C4A219 /* Sources */ = {
			isa = PBXSourcesBuildPhase;
			buildActionMask = 2147483647;
			files = (
				65AA68A32BCA5FAE00C4A219 /* UsersListTests.swift in Sources */,
			);
			runOnlyForDeploymentPostprocessing = 0;
		};
		65AA68A42BCA5FAE00C4A219 /* Sources */ = {
			isa = PBXSourcesBuildPhase;
			buildActionMask = 2147483647;
			files = (
				65AA68AD2BCA5FAE00C4A219 /* UsersListUITests.swift in Sources */,
				65AA68AF2BCA5FAE00C4A219 /* UsersListUITestsLaunchTests.swift in Sources */,
			);
			runOnlyForDeploymentPostprocessing = 0;
		};
/* End PBXSourcesBuildPhase section */

/* Begin PBXTargetDependency section */
		65AA68A02BCA5FAE00C4A219 /* PBXTargetDependency */ = {
			isa = PBXTargetDependency;
			target = 65AA688D2BCA5FAC00C4A219 /* UsersList */;
			targetProxy = 65AA689F2BCA5FAE00C4A219 /* PBXContainerItemProxy */;
		};
		65AA68AA2BCA5FAE00C4A219 /* PBXTargetDependency */ = {
			isa = PBXTargetDependency;
			target = 65AA688D2BCA5FAC00C4A219 /* UsersList */;
			targetProxy = 65AA68A92BCA5FAE00C4A219 /* PBXContainerItemProxy */;
		};
/* End PBXTargetDependency section */

/* Begin XCBuildConfiguration section */
		65AA68B02BCA5FAE00C4A219 /* Debug */ = {
			isa = XCBuildConfiguration;
			buildSettings = {
				ALWAYS_SEARCH_USER_PATHS = NO;
				ASSETCATALOG_COMPILER_GENERATE_SWIFT_ASSET_SYMBOL_EXTENSIONS = YES;
				CLANG_ANALYZER_NONNULL = YES;
				CLANG_ANALYZER_NUMBER_OBJECT_CONVERSION = YES_AGGRESSIVE;
				CLANG_CXX_LANGUAGE_STANDARD = "gnu++20";
				CLANG_ENABLE_MODULES = YES;
				CLANG_ENABLE_OBJC_ARC = YES;
				CLANG_ENABLE_OBJC_WEAK = YES;
				CLANG_WARN_BLOCK_CAPTURE_AUTORELEASING = YES;
				CLANG_WARN_BOOL_CONVERSION = YES;
				CLANG_WARN_COMMA = YES;
				CLANG_WARN_CONSTANT_CONVERSION = YES;
				CLANG_WARN_DEPRECATED_OBJC_IMPLEMENTATIONS = YES;
				CLANG_WARN_DIRECT_OBJC_ISA_USAGE = YES_ERROR;
				CLANG_WARN_DOCUMENTATION_COMMENTS = YES;
				CLANG_WARN_EMPTY_BODY = YES;
				CLANG_WARN_ENUM_CONVERSION = YES;
				CLANG_WARN_INFINITE_RECURSION = YES;
				CLANG_WARN_INT_CONVERSION = YES;
				CLANG_WARN_NON_LITERAL_NULL_CONVERSION = YES;
				CLANG_WARN_OBJC_IMPLICIT_RETAIN_SELF = YES;
				CLANG_WARN_OBJC_LITERAL_CONVERSION = YES;
				CLANG_WARN_OBJC_ROOT_CLASS = YES_ERROR;
				CLANG_WARN_QUOTED_INCLUDE_IN_FRAMEWORK_HEADER = YES;
				CLANG_WARN_RANGE_LOOP_ANALYSIS = YES;
				CLANG_WARN_STRICT_PROTOTYPES = YES;
				CLANG_WARN_SUSPICIOUS_MOVE = YES;
				CLANG_WARN_UNGUARDED_AVAILABILITY = YES_AGGRESSIVE;
				CLANG_WARN_UNREACHABLE_CODE = YES;
				CLANG_WARN__DUPLICATE_METHOD_MATCH = YES;
				COPY_PHASE_STRIP = NO;
				DEBUG_INFORMATION_FORMAT = dwarf;
				ENABLE_STRICT_OBJC_MSGSEND = YES;
				ENABLE_TESTABILITY = YES;
				ENABLE_USER_SCRIPT_SANDBOXING = YES;
				GCC_C_LANGUAGE_STANDARD = gnu17;
				GCC_DYNAMIC_NO_PIC = NO;
				GCC_NO_COMMON_BLOCKS = YES;
				GCC_OPTIMIZATION_LEVEL = 0;
				GCC_PREPROCESSOR_DEFINITIONS = (
					"DEBUG=1",
					"$(inherited)",
				);
				GCC_WARN_64_TO_32_BIT_CONVERSION = YES;
				GCC_WARN_ABOUT_RETURN_TYPE = YES_ERROR;
				GCC_WARN_UNDECLARED_SELECTOR = YES;
				GCC_WARN_UNINITIALIZED_AUTOS = YES_AGGRESSIVE;
				GCC_WARN_UNUSED_FUNCTION = YES;
				GCC_WARN_UNUSED_VARIABLE = YES;
				IPHONEOS_DEPLOYMENT_TARGET = 17.4;
				LOCALIZATION_PREFERS_STRING_CATALOGS = YES;
				MTL_ENABLE_DEBUG_INFO = INCLUDE_SOURCE;
				MTL_FAST_MATH = YES;
				ONLY_ACTIVE_ARCH = YES;
				SDKROOT = iphoneos;
				SWIFT_ACTIVE_COMPILATION_CONDITIONS = "DEBUG $(inherited)";
				SWIFT_OPTIMIZATION_LEVEL = "-Onone";
			};
			name = Debug;
		};
		65AA68B12BCA5FAE00C4A219 /* Release */ = {
			isa = XCBuildConfiguration;
			buildSettings = {
				ALWAYS_SEARCH_USER_PATHS = NO;
				ASSETCATALOG_COMPILER_GENERATE_SWIFT_ASSET_SYMBOL_EXTENSIONS = YES;
				CLANG_ANALYZER_NONNULL = YES;
				CLANG_ANALYZER_NUMBER_OBJECT_CONVERSION = YES_AGGRESSIVE;
				CLANG_CXX_LANGUAGE_STANDARD = "gnu++20";
				CLANG_ENABLE_MODULES = YES;
				CLANG_ENABLE_OBJC_ARC = YES;
				CLANG_ENABLE_OBJC_WEAK = YES;
				CLANG_WARN_BLOCK_CAPTURE_AUTORELEASING = YES;
				CLANG_WARN_BOOL_CONVERSION = YES;
				CLANG_WARN_COMMA = YES;
				CLANG_WARN_CONSTANT_CONVERSION = YES;
				CLANG_WARN_DEPRECATED_OBJC_IMPLEMENTATIONS = YES;
				CLANG_WARN_DIRECT_OBJC_ISA_USAGE = YES_ERROR;
				CLANG_WARN_DOCUMENTATION_COMMENTS = YES;
				CLANG_WARN_EMPTY_BODY = YES;
				CLANG_WARN_ENUM_CONVERSION = YES;
				CLANG_WARN_INFINITE_RECURSION = YES;
				CLANG_WARN_INT_CONVERSION = YES;
				CLANG_WARN_NON_LITERAL_NULL_CONVERSION = YES;
				CLANG_WARN_OBJC_IMPLICIT_RETAIN_SELF = YES;
				CLANG_WARN_OBJC_LITERAL_CONVERSION = YES;
				CLANG_WARN_OBJC_ROOT_CLASS = YES_ERROR;
				CLANG_WARN_QUOTED_INCLUDE_IN_FRAMEWORK_HEADER = YES;
				CLANG_WARN_RANGE_LOOP_ANALYSIS = YES;
				CLANG_WARN_STRICT_PROTOTYPES = YES;
				CLANG_WARN_SUSPICIOUS_MOVE = YES;
				CLANG_WARN_UNGUARDED_AVAILABILITY = YES_AGGRESSIVE;
				CLANG_WARN_UNREACHABLE_CODE = YES;
				CLANG_WARN__DUPLICATE_METHOD_MATCH = YES;
				COPY_PHASE_STRIP = NO;
				DEBUG_INFORMATION_FORMAT = "dwarf-with-dsym";
				ENABLE_NS_ASSERTIONS = NO;
				ENABLE_STRICT_OBJC_MSGSEND = YES;
				ENABLE_USER_SCRIPT_SANDBOXING = YES;
				GCC_C_LANGUAGE_STANDARD = gnu17;
				GCC_NO_COMMON_BLOCKS = YES;
				GCC_WARN_64_TO_32_BIT_CONVERSION = YES;
				GCC_WARN_ABOUT_RETURN_TYPE = YES_ERROR;
				GCC_WARN_UNDECLARED_SELECTOR = YES;
				GCC_WARN_UNINITIALIZED_AUTOS = YES_AGGRESSIVE;
				GCC_WARN_UNUSED_FUNCTION = YES;
				GCC_WARN_UNUSED_VARIABLE = YES;
				IPHONEOS_DEPLOYMENT_TARGET = 17.4;
				LOCALIZATION_PREFERS_STRING_CATALOGS = YES;
				MTL_ENABLE_DEBUG_INFO = NO;
				MTL_FAST_MATH = YES;
				SDKROOT = iphoneos;
				SWIFT_COMPILATION_MODE = wholemodule;
				VALIDATE_PRODUCT = YES;
			};
			name = Release;
		};
		65AA68B32BCA5FAE00C4A219 /* Debug */ = {
			isa = XCBuildConfiguration;
			buildSettings = {
				ASSETCATALOG_COMPILER_APPICON_NAME = AppIcon;
				ASSETCATALOG_COMPILER_GLOBAL_ACCENT_COLOR_NAME = AccentColor;
				CODE_SIGN_STYLE = Automatic;
				CURRENT_PROJECT_VERSION = 1;
				DEVELOPMENT_ASSET_PATHS = "\"UsersList/Preview Content\"";
				ENABLE_PREVIEWS = YES;
				GENERATE_INFOPLIST_FILE = YES;
				INFOPLIST_KEY_UIApplicationSceneManifest_Generation = YES;
				INFOPLIST_KEY_UIApplicationSupportsIndirectInputEvents = YES;
				INFOPLIST_KEY_UILaunchScreen_Generation = YES;
				INFOPLIST_KEY_UISupportedInterfaceOrientations_iPad = "UIInterfaceOrientationPortrait UIInterfaceOrientationPortraitUpsideDown UIInterfaceOrientationLandscapeLeft UIInterfaceOrientationLandscapeRight";
				INFOPLIST_KEY_UISupportedInterfaceOrientations_iPhone = "UIInterfaceOrientationPortrait UIInterfaceOrientationLandscapeLeft UIInterfaceOrientationLandscapeRight";
				LD_RUNPATH_SEARCH_PATHS = (
					"$(inherited)",
					"@executable_path/Frameworks",
				);
				MARKETING_VERSION = 1.0;
				PRODUCT_BUNDLE_IDENTIFIER = com.ifDani.app.UsersList;
				PRODUCT_NAME = "$(TARGET_NAME)";
				SWIFT_EMIT_LOC_STRINGS = YES;
				SWIFT_VERSION = 5.0;
				TARGETED_DEVICE_FAMILY = "1,2";
			};
			name = Debug;
		};
		65AA68B42BCA5FAE00C4A219 /* Release */ = {
			isa = XCBuildConfiguration;
			buildSettings = {
				ASSETCATALOG_COMPILER_APPICON_NAME = AppIcon;
				ASSETCATALOG_COMPILER_GLOBAL_ACCENT_COLOR_NAME = AccentColor;
				CODE_SIGN_STYLE = Automatic;
				CURRENT_PROJECT_VERSION = 1;
				DEVELOPMENT_ASSET_PATHS = "\"UsersList/Preview Content\"";
				ENABLE_PREVIEWS = YES;
				GENERATE_INFOPLIST_FILE = YES;
				INFOPLIST_KEY_UIApplicationSceneManifest_Generation = YES;
				INFOPLIST_KEY_UIApplicationSupportsIndirectInputEvents = YES;
				INFOPLIST_KEY_UILaunchScreen_Generation = YES;
				INFOPLIST_KEY_UISupportedInterfaceOrientations_iPad = "UIInterfaceOrientationPortrait UIInterfaceOrientationPortraitUpsideDown UIInterfaceOrientationLandscapeLeft UIInterfaceOrientationLandscapeRight";
				INFOPLIST_KEY_UISupportedInterfaceOrientations_iPhone = "UIInterfaceOrientationPortrait UIInterfaceOrientationLandscapeLeft UIInterfaceOrientationLandscapeRight";
				LD_RUNPATH_SEARCH_PATHS = (
					"$(inherited)",
					"@executable_path/Frameworks",
				);
				MARKETING_VERSION = 1.0;
				PRODUCT_BUNDLE_IDENTIFIER = com.ifDani.app.UsersList;
				PRODUCT_NAME = "$(TARGET_NAME)";
				SWIFT_EMIT_LOC_STRINGS = YES;
				SWIFT_VERSION = 5.0;
				TARGETED_DEVICE_FAMILY = "1,2";
			};
			name = Release;
		};
		65AA68B62BCA5FAE00C4A219 /* Debug */ = {
			isa = XCBuildConfiguration;
			buildSettings = {
				ALWAYS_EMBED_SWIFT_STANDARD_LIBRARIES = YES;
				BUNDLE_LOADER = "$(TEST_HOST)";
				CODE_SIGN_STYLE = Automatic;
				CURRENT_PROJECT_VERSION = 1;
				GENERATE_INFOPLIST_FILE = YES;
				IPHONEOS_DEPLOYMENT_TARGET = 17.4;
				MARKETING_VERSION = 1.0;
				PRODUCT_BUNDLE_IDENTIFIER = com.ifDani.app.UsersListTests;
				PRODUCT_NAME = "$(TARGET_NAME)";
				SWIFT_EMIT_LOC_STRINGS = NO;
				SWIFT_VERSION = 5.0;
				TARGETED_DEVICE_FAMILY = "1,2";
				TEST_HOST = "$(BUILT_PRODUCTS_DIR)/UsersList.app/$(BUNDLE_EXECUTABLE_FOLDER_PATH)/UsersList";
			};
			name = Debug;
		};
		65AA68B72BCA5FAE00C4A219 /* Release */ = {
			isa = XCBuildConfiguration;
			buildSettings = {
				ALWAYS_EMBED_SWIFT_STANDARD_LIBRARIES = YES;
				BUNDLE_LOADER = "$(TEST_HOST)";
				CODE_SIGN_STYLE = Automatic;
				CURRENT_PROJECT_VERSION = 1;
				GENERATE_INFOPLIST_FILE = YES;
				IPHONEOS_DEPLOYMENT_TARGET = 17.4;
				MARKETING_VERSION = 1.0;
				PRODUCT_BUNDLE_IDENTIFIER = com.ifDani.app.UsersListTests;
				PRODUCT_NAME = "$(TARGET_NAME)";
				SWIFT_EMIT_LOC_STRINGS = NO;
				SWIFT_VERSION = 5.0;
				TARGETED_DEVICE_FAMILY = "1,2";
				TEST_HOST = "$(BUILT_PRODUCTS_DIR)/UsersList.app/$(BUNDLE_EXECUTABLE_FOLDER_PATH)/UsersList";
			};
			name = Release;
		};
		65AA68B92BCA5FAE00C4A219 /* Debug */ = {
			isa = XCBuildConfiguration;
			buildSettings = {
				ALWAYS_EMBED_SWIFT_STANDARD_LIBRARIES = YES;
				CODE_SIGN_STYLE = Automatic;
				CURRENT_PROJECT_VERSION = 1;
				GENERATE_INFOPLIST_FILE = YES;
				MARKETING_VERSION = 1.0;
				PRODUCT_BUNDLE_IDENTIFIER = com.ifDani.app.UsersListUITests;
				PRODUCT_NAME = "$(TARGET_NAME)";
				SWIFT_EMIT_LOC_STRINGS = NO;
				SWIFT_VERSION = 5.0;
				TARGETED_DEVICE_FAMILY = "1,2";
				TEST_TARGET_NAME = UsersList;
			};
			name = Debug;
		};
		65AA68BA2BCA5FAE00C4A219 /* Release */ = {
			isa = XCBuildConfiguration;
			buildSettings = {
				ALWAYS_EMBED_SWIFT_STANDARD_LIBRARIES = YES;
				CODE_SIGN_STYLE = Automatic;
				CURRENT_PROJECT_VERSION = 1;
				GENERATE_INFOPLIST_FILE = YES;
				MARKETING_VERSION = 1.0;
				PRODUCT_BUNDLE_IDENTIFIER = com.ifDani.app.UsersListUITests;
				PRODUCT_NAME = "$(TARGET_NAME)";
				SWIFT_EMIT_LOC_STRINGS = NO;
				SWIFT_VERSION = 5.0;
				TARGETED_DEVICE_FAMILY = "1,2";
				TEST_TARGET_NAME = UsersList;
			};
			name = Release;
		};
/* End XCBuildConfiguration section */

/* Begin XCConfigurationList section */
		65AA68892BCA5FAC00C4A219 /* Build configuration list for PBXProject "UsersList" */ = {
			isa = XCConfigurationList;
			buildConfigurations = (
				65AA68B02BCA5FAE00C4A219 /* Debug */,
				65AA68B12BCA5FAE00C4A219 /* Release */,
			);
			defaultConfigurationIsVisible = 0;
			defaultConfigurationName = Release;
		};
		65AA68B22BCA5FAE00C4A219 /* Build configuration list for PBXNativeTarget "UsersList" */ = {
			isa = XCConfigurationList;
			buildConfigurations = (
				65AA68B32BCA5FAE00C4A219 /* Debug */,
				65AA68B42BCA5FAE00C4A219 /* Release */,
			);
			defaultConfigurationIsVisible = 0;
			defaultConfigurationName = Release;
		};
		65AA68B52BCA5FAE00C4A219 /* Build configuration list for PBXNativeTarget "UsersListTests" */ = {
			isa = XCConfigurationList;
			buildConfigurations = (
				65AA68B62BCA5FAE00C4A219 /* Debug */,
				65AA68B72BCA5FAE00C4A219 /* Release */,
			);
			defaultConfigurationIsVisible = 0;
			defaultConfigurationName = Release;
		};
		65AA68B82BCA5FAE00C4A219 /* Build configuration list for PBXNativeTarget "UsersListUITests" */ = {
			isa = XCConfigurationList;
			buildConfigurations = (
				65AA68B92BCA5FAE00C4A219 /* Debug */,
				65AA68BA2BCA5FAE00C4A219 /* Release */,
			);
			defaultConfigurationIsVisible = 0;
			defaultConfigurationName = Release;
		};
/* End XCConfigurationList section */

/* Begin XCRemoteSwiftPackageReference section */
		65AA68C72BCD0EE200C4A219 /* XCRemoteSwiftPackageReference "NetworkSpm" */ = {
			isa = XCRemoteSwiftPackageReference;
			repositoryURL = "https://github.com/ifDani/NetworkSpm.git";
			requirement = {
				branch = main;
				kind = branch;
			};
		};
/* End XCRemoteSwiftPackageReference section */

/* Begin XCSwiftPackageProductDependency section */
		65AA68C82BCD0EE200C4A219 /* NetworkSpm */ = {
			isa = XCSwiftPackageProductDependency;
			package = 65AA68C72BCD0EE200C4A219 /* XCRemoteSwiftPackageReference "NetworkSpm" */;
			productName = NetworkSpm;
		};
/* End XCSwiftPackageProductDependency section */
	};
	rootObject = 65AA68862BCA5FAC00C4A219 /* Project object */;
}
